
Microsoft Visual Studio Solution File, Format Version 12.00
# Visual Studio 15
VisualStudioVersion = 15.0.28307.572
MinimumVisualStudioVersion = 10.0.40219.1
Project("{8BC9CEB8-8B4A-11D0-8D11-00A0C91BC942}") = "WindowMonitor", "WindowMonitor\WindowMonitor.vcxproj", "{9525D94B-FFCB-47EC-B1C7-1798262C1B0A}"
EndProject
Global
	GlobalSection(SolutionConfigurationPlatforms) = preSolution
		Debug|Win32 = Debug|Win32
		Release|Win32 = Release|Win32
	EndGlobalSection
	GlobalSection(ProjectConfigurationPlatforms) = postSolution
		{9525D94B-FFCB-47EC-B1C7-1798262C1B0A}.Debug|Win32.ActiveCfg = Debug|Win32
		{9525D94B-FFCB-47EC-B1C7-1798262C1B0A}.Debug|Win32.Build.0 = Debug|Win32
		{9525D94B-FFCB-47EC-B1C7-1798262C1B0A}.Release|Win32.ActiveCfg = Release|Win32
		{9525D94B-FFCB-47EC-B1C7-1798262C1B0A}.Release|Win32.Build.0 = Release|Win32
	EndGlobalSection
	GlobalSection(SolutionProperties) = preSolution
		HideSolutionNode = FALSE
	EndGlobalSection
	GlobalSection(ExtensibilityGlobals) = postSolution
		SolutionGuid = {4A502962-8D5E-42B3-89DB-A8F5521D4F78}
	EndGlobalSection
EndGlobal
